<Solution>
<Project Path="Washu.Framework/Washu.Framework.csproj" />
<Project Path="Washu.Todo/Washu.Todo.csproj" />
</Solution>                                                                                                                                                                                                                                                                                                                                                                                                                                                                                                                                                                    